
Microsoft Visual Studio Solution File, Format Version 12.00
# Visual Studio Version 16
VisualStudioVersion = 16.0.30717.126
MinimumVisualStudioVersion = 10.0.40219.1
Project("{FAE04EC0-301F-11D3-BF4B-00C04F79EFBC}") = "StudentAPI", "StudentAPI\StudentAPI.csproj", "{E3958967-E42F-4430-BB1E-4A19261E5094}"
EndProject
Global
	GlobalSection(SolutionConfigurationPlatforms) = preSolution
		Debug|Any CPU = Debug|Any CPU
		Release|Any CPU = Release|Any CPU
	EndGlobalSection
	GlobalSection(ProjectConfigurationPlatforms) = postSolution
		{E3958967-E42F-4430-BB1E-4A19261E5094}.Debug|Any CPU.ActiveCfg = Debug|Any CPU
		{E3958967-E42F-4430-BB1E-4A19261E5094}.Debug|Any CPU.Build.0 = Debug|Any CPU
		{E3958967-E42F-4430-BB1E-4A19261E5094}.Release|Any CPU.ActiveCfg = Release|Any CPU
		{E3958967-E42F-4430-BB1E-4A19261E5094}.Release|Any CPU.Build.0 = Release|Any CPU
	EndGlobalSection
	GlobalSection(SolutionProperties) = preSolution
		HideSolutionNode = FALSE
	EndGlobalSection
	GlobalSection(ExtensibilityGlobals) = postSolution
		SolutionGuid = {B59BD88F-3CA4-4E27-B0D5-24CF1FA5A954}
	EndGlobalSection
EndGlobal
